
Microsoft Visual Studio Solution File, Format Version 12.00
# Visual Studio Version 16
VisualStudioVersion = 25.0.1706.4
MinimumVisualStudioVersion = 10.0.40219.1
Project("{FAE04EC0-301F-11D3-BF4B-00C04F79EFBC}") = "SampleQuestion1", "SampleQuestion1\SampleQuestion1.csproj", "{EAAD91FB-2593-45AB-8F91-4376C4DAA733}"
EndProject
Project("{FAE04EC0-301F-11D3-BF4B-00C04F79EFBC}") = "SampleQuestion2", "SampleQuestion2\SampleQuestion2.csproj", "{8AB26369-8E56-4763-99A9-5EF4C9E5687B}"
EndProject
Global
	GlobalSection(SolutionConfigurationPlatforms) = preSolution
		Debug|Any CPU = Debug|Any CPU
		Release|Any CPU = Release|Any CPU
	EndGlobalSection
	GlobalSection(ProjectConfigurationPlatforms) = postSolution
		{EAAD91FB-2593-45AB-8F91-4376C4DAA733}.Debug|Any CPU.ActiveCfg = Debug|Any CPU
		{EAAD91FB-2593-45AB-8F91-4376C4DAA733}.Debug|Any CPU.Build.0 = Debug|Any CPU
		{EAAD91FB-2593-45AB-8F91-4376C4DAA733}.Release|Any CPU.ActiveCfg = Release|Any CPU
		{EAAD91FB-2593-45AB-8F91-4376C4DAA733}.Release|Any CPU.Build.0 = Release|Any CPU
		{8AB26369-8E56-4763-99A9-5EF4C9E5687B}.Debug|Any CPU.ActiveCfg = Debug|Any CPU
		{8AB26369-8E56-4763-99A9-5EF4C9E5687B}.Debug|Any CPU.Build.0 = Debug|Any CPU
		{8AB26369-8E56-4763-99A9-5EF4C9E5687B}.Release|Any CPU.ActiveCfg = Release|Any CPU
		{8AB26369-8E56-4763-99A9-5EF4C9E5687B}.Release|Any CPU.Build.0 = Release|Any CPU
	EndGlobalSection
	GlobalSection(SolutionProperties) = preSolution
		HideSolutionNode = FALSE
	EndGlobalSection
	GlobalSection(ExtensibilityGlobals) = postSolution
		SolutionGuid = {36D74BE7-5C10-4715-9E62-E83B33DD2D3F}
	EndGlobalSection
EndGlobal
